Microsoft Visual Studio Solution File, Format Version 12.00
# Visual Studio 15
VisualStudioVersion = 15.0.27004.2002
MinimumVisualStudioVersion = 15.0.26124.0
Project("{9A19103F-16F7-4668-BE54-9A1E7A4F7556}") = "VueJsDashboard.Client", "VueJsDashboard.Client\VueJsDashboard.Client.csproj", "{541DCA29-637A-4D4D-8EB9-3285055F15A5}"
EndProject
Project("{9A19103F-16F7-4668-BE54-9A1E7A4F7556}") = "VueJsDashboard.Api", "VueJsDashboard.Api\VueJsDashboard.Api.csproj", "{38C64219-E8A0-4F1B-95E9-A7BB8545E0C4}"
EndProject
Global
	GlobalSection(SolutionConfigurationPlatforms) = preSolution
		Debug|Any CPU = Debug|Any CPU
		Debug|x64 = Debug|x64
		Debug|x86 = Debug|x86
		Release|Any CPU = Release|Any CPU
		Release|x64 = Release|x64
		Release|x86 = Release|x86
	EndGlobalSection
	GlobalSection(ProjectConfigurationPlatforms) = postSolution
		{541DCA29-637A-4D4D-8EB9-3285055F15A5}.Debug|Any CPU.ActiveCfg = Debug|Any CPU
		{541DCA29-637A-4D4D-8EB9-3285055F15A5}.Debug|Any CPU.Build.0 = Debug|Any CPU
		{541DCA29-637A-4D4D-8EB9-3285055F15A5}.Debug|x64.ActiveCfg = Debug|Any CPU
		{541DCA29-637A-4D4D-8EB9-3285055F15A5}.Debug|x64.Build.0 = Debug|Any CPU
		{541DCA29-637A-4D4D-8EB9-3285055F15A5}.Debug|x86.ActiveCfg = Debug|Any CPU
		{541DCA29-637A-4D4D-8EB9-3285055F15A5}.Debug|x86.Build.0 = Debug|Any CPU
		{541DCA29-637A-4D4D-8EB9-3285055F15A5}.Release|Any CPU.ActiveCfg = Release|Any CPU
		{541DCA29-637A-4D4D-8EB9-3285055F15A5}.Release|Any CPU.Build.0 = Release|Any CPU
		{541DCA29-637A-4D4D-8EB9-3285055F15A5}.Release|x64.ActiveCfg = Release|Any CPU
		{541DCA29-637A-4D4D-8EB9-3285055F15A5}.Release|x64.Build.0 = Release|Any CPU
		{541DCA29-637A-4D4D-8EB9-3285055F15A5}.Release|x86.ActiveCfg = Release|Any CPU
		{541DCA29-637A-4D4D-8EB9-3285055F15A5}.Release|x86.Build.0 = Release|Any CPU
		{38C64219-E8A0-4F1B-95E9-A7BB8545E0C4}.Debug|Any CPU.ActiveCfg = Debug|Any CPU
		{38C64219-E8A0-4F1B-95E9-A7BB8545E0C4}.Debug|Any CPU.Build.0 = Debug|Any CPU
		{38C64219-E8A0-4F1B-95E9-A7BB8545E0C4}.Debug|x64.ActiveCfg = Debug|Any CPU
		{38C64219-E8A0-4F1B-95E9-A7BB8545E0C4}.Debug|x64.Build.0 = Debug|Any CPU
		{38C64219-E8A0-4F1B-95E9-A7BB8545E0C4}.Debug|x86.ActiveCfg = Debug|Any CPU
		{38C64219-E8A0-4F1B-95E9-A7BB8545E0C4}.Debug|x86.Build.0 = Debug|Any CPU
		{38C64219-E8A0-4F1B-95E9-A7BB8545E0C4}.Release|Any CPU.ActiveCfg = Release|Any CPU
		{38C64219-E8A0-4F1B-95E9-A7BB8545E0C4}.Release|Any CPU.Build.0 = Release|Any CPU
		{38C64219-E8A0-4F1B-95E9-A7BB8545E0C4}.Release|x64.ActiveCfg = Release|Any CPU
		{38C64219-E8A0-4F1B-95E9-A7BB8545E0C4}.Release|x64.Build.0 = Release|Any CPU
		{38C64219-E8A0-4F1B-95E9-A7BB8545E0C4}.Release|x86.ActiveCfg = Release|Any CPU
		{38C64219-E8A0-4F1B-95E9-A7BB8545E0C4}.Release|x86.Build.0 = Release|Any CPU
	EndGlobalSection
	GlobalSection(SolutionProperties) = preSolution
		HideSolutionNode = FALSE
	EndGlobalSection
	GlobalSection(ExtensibilityGlobals) = postSolution
		SolutionGuid = {74056FD1-19A9-41E6-9AC9-7C14E6029941}
	EndGlobalSection
EndGlobal
